
Microsoft Visual Studio Solution File, Format Version 12.00
# Visual Studio 15
VisualStudioVersion = 15.0.27004.2006
MinimumVisualStudioVersion = 10.0.40219.1
Project("{FAE04EC0-301F-11D3-BF4B-00C04F79EFBC}") = "Interfaces", "Interfaces\Interfaces.csproj", "{496A1339-16DA-4FF6-BFE7-AD4F8EBC77EA}"
EndProject
Project("{FAE04EC0-301F-11D3-BF4B-00C04F79EFBC}") = "AnonymousMethods", "AnonymousMethods\AnonymousMethods.csproj", "{F8CF7B1A-8E7E-46E1-A223-D894E183FEBE}"
EndProject
Project("{FAE04EC0-301F-11D3-BF4B-00C04F79EFBC}") = "GenericDelegation", "GenericDelegation\GenericDelegation.csproj", "{5858A5E6-D13B-4D13-9251-181F4B6D6105}"
EndProject
Project("{FAE04EC0-301F-11D3-BF4B-00C04F79EFBC}") = "MethodChaining", "MethodChaining\MethodChaining.csproj", "{3A7950F2-FA20-413B-B812-2CEA7A8D34F0}"
EndProject
Global
	GlobalSection(SolutionConfigurationPlatforms) = preSolution
		Debug|Any CPU = Debug|Any CPU
		Release|Any CPU = Release|Any CPU
	EndGlobalSection
	GlobalSection(ProjectConfigurationPlatforms) = postSolution
		{496A1339-16DA-4FF6-BFE7-AD4F8EBC77EA}.Debug|Any CPU.ActiveCfg = Debug|Any CPU
		{496A1339-16DA-4FF6-BFE7-AD4F8EBC77EA}.Debug|Any CPU.Build.0 = Debug|Any CPU
		{496A1339-16DA-4FF6-BFE7-AD4F8EBC77EA}.Release|Any CPU.ActiveCfg = Release|Any CPU
		{496A1339-16DA-4FF6-BFE7-AD4F8EBC77EA}.Release|Any CPU.Build.0 = Release|Any CPU
		{F8CF7B1A-8E7E-46E1-A223-D894E183FEBE}.Debug|Any CPU.ActiveCfg = Debug|Any CPU
		{F8CF7B1A-8E7E-46E1-A223-D894E183FEBE}.Debug|Any CPU.Build.0 = Debug|Any CPU
		{F8CF7B1A-8E7E-46E1-A223-D894E183FEBE}.Release|Any CPU.ActiveCfg = Release|Any CPU
		{F8CF7B1A-8E7E-46E1-A223-D894E183FEBE}.Release|Any CPU.Build.0 = Release|Any CPU
		{5858A5E6-D13B-4D13-9251-181F4B6D6105}.Debug|Any CPU.ActiveCfg = Debug|Any CPU
		{5858A5E6-D13B-4D13-9251-181F4B6D6105}.Debug|Any CPU.Build.0 = Debug|Any CPU
		{5858A5E6-D13B-4D13-9251-181F4B6D6105}.Release|Any CPU.ActiveCfg = Release|Any CPU
		{5858A5E6-D13B-4D13-9251-181F4B6D6105}.Release|Any CPU.Build.0 = Release|Any CPU
		{3A7950F2-FA20-413B-B812-2CEA7A8D34F0}.Debug|Any CPU.ActiveCfg = Debug|Any CPU
		{3A7950F2-FA20-413B-B812-2CEA7A8D34F0}.Debug|Any CPU.Build.0 = Debug|Any CPU
		{3A7950F2-FA20-413B-B812-2CEA7A8D34F0}.Release|Any CPU.ActiveCfg = Release|Any CPU
		{3A7950F2-FA20-413B-B812-2CEA7A8D34F0}.Release|Any CPU.Build.0 = Release|Any CPU
	EndGlobalSection
	GlobalSection(SolutionProperties) = preSolution
		HideSolutionNode = FALSE
	EndGlobalSection
	GlobalSection(ExtensibilityGlobals) = postSolution
		SolutionGuid = {0730DE45-B683-4BC8-ADF6-CAEBA689A039}
	EndGlobalSection
EndGlobal
